PODS:
  - Alamofire (4.0.1)
  - CameraManager (3.0.0)

DEPENDENCIES:
  - Alamofire (~> 4.0)
  - CameraManager (~> 3.0)

SPEC CHECKSUMS:
  Alamofire: 7682d43245de14874acd142ec137b144aa1dd335
  CameraManager: 8b92bc0ab51b598d9a4c01998bc9f1efb9b681bf

PODFILE CHECKSUM: 743eb68f5ec654210b17ae0921f8f245b7e81b2a

COCOAPODS: 1.1.0.rc.2
